
Microsoft Visual Studio Solution File, Format Version 12.00
# Visual Studio 15
VisualStudioVersion = 15.0.28010.2036
MinimumVisualStudioVersion = 10.0.40219.1
Project("{FAE04EC0-301F-11D3-BF4B-00C04F79EFBC}") = "App2.Android", "App2\App2.Android\App2.Android.csproj", "{E671CA90-79A0-458B-A8F8-1FE2A74A0B65}"
EndProject
Project("{FAE04EC0-301F-11D3-BF4B-00C04F79EFBC}") = "App2.iOS", "App2\App2.iOS\App2.iOS.csproj", "{900489E3-7253-44AC-BD55-DD59D34D4872}"
EndProject
Project("{FAE04EC0-301F-11D3-BF4B-00C04F79EFBC}") = "App2", "App2\App2\App2.csproj", "{79454900-EE3C-4D1E-A12F-269472BF0E0F}"
EndProject
Global
	GlobalSection(SolutionConfigurationPlatforms) = preSolution
		Ad-Hoc|Any CPU = Ad-Hoc|Any CPU
		Ad-Hoc|iPhone = Ad-Hoc|iPhone
		Ad-Hoc|iPhoneSimulator = Ad-Hoc|iPhoneSimulator
		AppStore|Any CPU = AppStore|Any CPU
		AppStore|iPhone = AppStore|iPhone
		AppStore|iPhoneSimulator = AppStore|iPhoneSimulator
		Debug|Any CPU = Debug|Any CPU
		Debug|iPhone = Debug|iPhone
		Debug|iPhoneSimulator = Debug|iPhoneSimulator
		Release|Any CPU = Release|Any CPU
		Release|iPhone = Release|iPhone
		Release|iPhoneSimulator = Release|iPhoneSimulator
	EndGlobalSection
	GlobalSection(ProjectConfigurationPlatforms) = postSolution
		{E671CA90-79A0-458B-A8F8-1FE2A74A0B65}.Ad-Hoc|Any CPU.ActiveCfg = Release|Any CPU
		{E671CA90-79A0-458B-A8F8-1FE2A74A0B65}.Ad-Hoc|Any CPU.Build.0 = Release|Any CPU
		{E671CA90-79A0-458B-A8F8-1FE2A74A0B65}.Ad-Hoc|Any CPU.Deploy.0 = Release|Any CPU
		{E671CA90-79A0-458B-A8F8-1FE2A74A0B65}.Ad-Hoc|iPhone.ActiveCfg = Release|Any CPU
		{E671CA90-79A0-458B-A8F8-1FE2A74A0B65}.Ad-Hoc|iPhone.Build.0 = Release|Any CPU
		{E671CA90-79A0-458B-A8F8-1FE2A74A0B65}.Ad-Hoc|iPhone.Deploy.0 = Release|Any CPU
		{E671CA90-79A0-458B-A8F8-1FE2A74A0B65}.Ad-Hoc|iPhoneSimulator.ActiveCfg = Release|Any CPU
		{E671CA90-79A0-458B-A8F8-1FE2A74A0B65}.Ad-Hoc|iPhoneSimulator.Build.0 = Release|Any CPU
		{E671CA90-79A0-458B-A8F8-1FE2A74A0B65}.Ad-Hoc|iPhoneSimulator.Deploy.0 = Release|Any CPU
		{E671CA90-79A0-458B-A8F8-1FE2A74A0B65}.AppStore|Any CPU.ActiveCfg = Release|Any CPU
		{E671CA90-79A0-458B-A8F8-1FE2A74A0B65}.AppStore|Any CPU.Build.0 = Release|Any CPU
		{E671CA90-79A0-458B-A8F8-1FE2A74A0B65}.AppStore|Any CPU.Deploy.0 = Release|Any CPU
		{E671CA90-79A0-458B-A8F8-1FE2A74A0B65}.AppStore|iPhone.ActiveCfg = Release|Any CPU
		{E671CA90-79A0-458B-A8F8-1FE2A74A0B65}.AppStore|iPhone.Build.0 = Release|Any CPU
		{E671CA90-79A0-458B-A8F8-1FE2A74A0B65}.AppStore|iPhone.Deploy.0 = Release|Any CPU
		{E671CA90-79A0-458B-A8F8-1FE2A74A0B65}.AppStore|iPhoneSimulator.ActiveCfg = Release|Any CPU
		{E671CA90-79A0-458B-A8F8-1FE2A74A0B65}.AppStore|iPhoneSimulator.Build.0 = Release|Any CPU
		{E671CA90-79A0-458B-A8F8-1FE2A74A0B65}.AppStore|iPhoneSimulator.Deploy.0 = Release|Any CPU
		{E671CA90-79A0-458B-A8F8-1FE2A74A0B65}.Debug|Any CPU.ActiveCfg = Debug|Any CPU
		{E671CA90-79A0-458B-A8F8-1FE2A74A0B65}.Debug|Any CPU.Build.0 = Debug|Any CPU
		{E671CA90-79A0-458B-A8F8-1FE2A74A0B65}.Debug|Any CPU.Deploy.0 = Debug|Any CPU
		{E671CA90-79A0-458B-A8F8-1FE2A74A0B65}.Debug|iPhone.ActiveCfg = Debug|Any CPU
		{E671CA90-79A0-458B-A8F8-1FE2A74A0B65}.Debug|iPhone.Build.0 = Debug|Any CPU
		{E671CA90-79A0-458B-A8F8-1FE2A74A0B65}.Debug|iPhone.Deploy.0 = Debug|Any CPU
		{E671CA90-79A0-458B-A8F8-1FE2A74A0B65}.Debug|iPhoneSimulator.ActiveCfg = Debug|Any CPU
		{E671CA90-79A0-458B-A8F8-1FE2A74A0B65}.Debug|iPhoneSimulator.Build.0 = Debug|Any CPU
		{E671CA90-79A0-458B-A8F8-1FE2A74A0B65}.Debug|iPhoneSimulator.Deploy.0 = Debug|Any CPU
		{E671CA90-79A0-458B-A8F8-1FE2A74A0B65}.Release|Any CPU.ActiveCfg = Release|Any CPU
		{E671CA90-79A0-458B-A8F8-1FE2A74A0B65}.Release|Any CPU.Build.0 = Release|Any CPU
		{E671CA90-79A0-458B-A8F8-1FE2A74A0B65}.Release|Any CPU.Deploy.0 = Release|Any CPU
		{E671CA90-79A0-458B-A8F8-1FE2A74A0B65}.Release|iPhone.ActiveCfg = Release|Any CPU
		{E671CA90-79A0-458B-A8F8-1FE2A74A0B65}.Release|iPhone.Build.0 = Release|Any CPU
		{E671CA90-79A0-458B-A8F8-1FE2A74A0B65}.Release|iPhone.Deploy.0 = Release|Any CPU
		{E671CA90-79A0-458B-A8F8-1FE2A74A0B65}.Release|iPhoneSimulator.ActiveCfg = Release|Any CPU
		{E671CA90-79A0-458B-A8F8-1FE2A74A0B65}.Release|iPhoneSimulator.Build.0 = Release|Any CPU
		{E671CA90-79A0-458B-A8F8-1FE2A74A0B65}.Release|iPhoneSimulator.Deploy.0 = Release|Any CPU
		{900489E3-7253-44AC-BD55-DD59D34D4872}.Ad-Hoc|Any CPU.ActiveCfg = Ad-Hoc|iPhone
		{900489E3-7253-44AC-BD55-DD59D34D4872}.Ad-Hoc|Any CPU.Build.0 = Ad-Hoc|iPhone
		{900489E3-7253-44AC-BD55-DD59D34D4872}.Ad-Hoc|Any CPU.Deploy.0 = Ad-Hoc|iPhone
		{900489E3-7253-44AC-BD55-DD59D34D4872}.Ad-Hoc|iPhone.ActiveCfg = Ad-Hoc|iPhone
		{900489E3-7253-44AC-BD55-DD59D34D4872}.Ad-Hoc|iPhone.Build.0 = Ad-Hoc|iPhone
		{900489E3-7253-44AC-BD55-DD59D34D4872}.Ad-Hoc|iPhone.Deploy.0 = Ad-Hoc|iPhone
		{900489E3-7253-44AC-BD55-DD59D34D4872}.Ad-Hoc|iPhoneSimulator.ActiveCfg = Ad-Hoc|iPhoneSimulator
		{900489E3-7253-44AC-BD55-DD59D34D4872}.Ad-Hoc|iPhoneSimulator.Build.0 = Ad-Hoc|iPhoneSimulator
		{900489E3-7253-44AC-BD55-DD59D34D4872}.Ad-Hoc|iPhoneSimulator.Deploy.0 = Ad-Hoc|iPhoneSimulator
		{900489E3-7253-44AC-BD55-DD59D34D4872}.AppStore|Any CPU.ActiveCfg = AppStore|iPhone
		{900489E3-7253-44AC-BD55-DD59D34D4872}.AppStore|Any CPU.Build.0 = AppStore|iPhone
		{900489E3-7253-44AC-BD55-DD59D34D4872}.AppStore|Any CPU.Deploy.0 = AppStore|iPhone
		{900489E3-7253-44AC-BD55-DD59D34D4872}.AppStore|iPhone.ActiveCfg = AppStore|iPhone
		{900489E3-7253-44AC-BD55-DD59D34D4872}.AppStore|iPhone.Build.0 = AppStore|iPhone
		{900489E3-7253-44AC-BD55-DD59D34D4872}.AppStore|iPhone.Deploy.0 = AppStore|iPhone
		{900489E3-7253-44AC-BD55-DD59D34D4872}.AppStore|iPhoneSimulator.ActiveCfg = AppStore|iPhoneSimulator
		{900489E3-7253-44AC-BD55-DD59D34D4872}.AppStore|iPhoneSimulator.Build.0 = AppStore|iPhoneSimulator
		{900489E3-7253-44AC-BD55-DD59D34D4872}.AppStore|iPhoneSimulator.Deploy.0 = AppStore|iPhoneSimulator
		{900489E3-7253-44AC-BD55-DD59D34D4872}.Debug|Any CPU.ActiveCfg = Debug|iPhoneSimulator
		{900489E3-7253-44AC-BD55-DD59D34D4872}.Debug|Any CPU.Build.0 = Debug|iPhoneSimulator
		{900489E3-7253-44AC-BD55-DD59D34D4872}.Debug|Any CPU.Deploy.0 = Debug|iPhoneSimulator
		{900489E3-7253-44AC-BD55-DD59D34D4872}.Debug|iPhone.ActiveCfg = Debug|iPhone
		{900489E3-7253-44AC-BD55-DD59D34D4872}.Debug|iPhone.Build.0 = Debug|iPhone
		{900489E3-7253-44AC-BD55-DD59D34D4872}.Debug|iPhone.Deploy.0 = Debug|iPhone
		{900489E3-7253-44AC-BD55-DD59D34D4872}.Debug|iPhoneSimulator.ActiveCfg = Debug|iPhoneSimulator
		{900489E3-7253-44AC-BD55-DD59D34D4872}.Debug|iPhoneSimulator.Build.0 = Debug|iPhoneSimulator
		{900489E3-7253-44AC-BD55-DD59D34D4872}.Debug|iPhoneSimulator.Deploy.0 = Debug|iPhoneSimulator
		{900489E3-7253-44AC-BD55-DD59D34D4872}.Release|Any CPU.ActiveCfg = Release|iPhone
		{900489E3-7253-44AC-BD55-DD59D34D4872}.Release|Any CPU.Build.0 = Release|iPhone
		{900489E3-7253-44AC-BD55-DD59D34D4872}.Release|Any CPU.Deploy.0 = Release|iPhone
		{900489E3-7253-44AC-BD55-DD59D34D4872}.Release|iPhone.ActiveCfg = Release|iPhone
		{900489E3-7253-44AC-BD55-DD59D34D4872}.Release|iPhone.Build.0 = Release|iPhone
		{900489E3-7253-44AC-BD55-DD59D34D4872}.Release|iPhone.Deploy.0 = Release|iPhone
		{900489E3-7253-44AC-BD55-DD59D34D4872}.Release|iPhoneSimulator.ActiveCfg = Release|iPhoneSimulator
		{900489E3-7253-44AC-BD55-DD59D34D4872}.Release|iPhoneSimulator.Build.0 = Release|iPhoneSimulator
		{900489E3-7253-44AC-BD55-DD59D34D4872}.Release|iPhoneSimulator.Deploy.0 = Release|iPhoneSimulator
		{79454900-EE3C-4D1E-A12F-269472BF0E0F}.Ad-Hoc|Any CPU.ActiveCfg = Debug|Any CPU
		{79454900-EE3C-4D1E-A12F-269472BF0E0F}.Ad-Hoc|Any CPU.Build.0 = Debug|Any CPU
		{79454900-EE3C-4D1E-A12F-269472BF0E0F}.Ad-Hoc|Any CPU.Deploy.0 = Debug|Any CPU
		{79454900-EE3C-4D1E-A12F-269472BF0E0F}.Ad-Hoc|iPhone.ActiveCfg = Debug|Any CPU
		{79454900-EE3C-4D1E-A12F-269472BF0E0F}.Ad-Hoc|iPhone.Build.0 = Debug|Any CPU
		{79454900-EE3C-4D1E-A12F-269472BF0E0F}.Ad-Hoc|iPhone.Deploy.0 = Debug|Any CPU
		{79454900-EE3C-4D1E-A12F-269472BF0E0F}.Ad-Hoc|iPhoneSimulator.ActiveCfg = Debug|Any CPU
		{79454900-EE3C-4D1E-A12F-269472BF0E0F}.Ad-Hoc|iPhoneSimulator.Build.0 = Debug|Any CPU
		{79454900-EE3C-4D1E-A12F-269472BF0E0F}.Ad-Hoc|iPhoneSimulator.Deploy.0 = Debug|Any CPU
		{79454900-EE3C-4D1E-A12F-269472BF0E0F}.AppStore|Any CPU.ActiveCfg = Debug|Any CPU
		{79454900-EE3C-4D1E-A12F-269472BF0E0F}.AppStore|Any CPU.Build.0 = Debug|Any CPU
		{79454900-EE3C-4D1E-A12F-269472BF0E0F}.AppStore|Any CPU.Deploy.0 = Debug|Any CPU
		{79454900-EE3C-4D1E-A12F-269472BF0E0F}.AppStore|iPhone.ActiveCfg = Debug|Any CPU
		{79454900-EE3C-4D1E-A12F-269472BF0E0F}.AppStore|iPhone.Build.0 = Debug|Any CPU
		{79454900-EE3C-4D1E-A12F-269472BF0E0F}.AppStore|iPhone.Deploy.0 = Debug|Any CPU
		{79454900-EE3C-4D1E-A12F-269472BF0E0F}.AppStore|iPhoneSimulator.ActiveCfg = Debug|Any CPU
		{79454900-EE3C-4D1E-A12F-269472BF0E0F}.AppStore|iPhoneSimulator.Build.0 = Debug|Any CPU
		{79454900-EE3C-4D1E-A12F-269472BF0E0F}.AppStore|iPhoneSimulator.Deploy.0 = Debug|Any CPU
		{79454900-EE3C-4D1E-A12F-269472BF0E0F}.Debug|Any CPU.ActiveCfg = Debug|Any CPU
		{79454900-EE3C-4D1E-A12F-269472BF0E0F}.Debug|Any CPU.Build.0 = Debug|Any CPU
		{79454900-EE3C-4D1E-A12F-269472BF0E0F}.Debug|Any CPU.Deploy.0 = Debug|Any CPU
		{79454900-EE3C-4D1E-A12F-269472BF0E0F}.Debug|iPhone.ActiveCfg = Debug|Any CPU
		{79454900-EE3C-4D1E-A12F-269472BF0E0F}.Debug|iPhone.Build.0 = Debug|Any CPU
		{79454900-EE3C-4D1E-A12F-269472BF0E0F}.Debug|iPhone.Deploy.0 = Debug|Any CPU
		{79454900-EE3C-4D1E-A12F-269472BF0E0F}.Debug|iPhoneSimulator.ActiveCfg = Debug|Any CPU
		{79454900-EE3C-4D1E-A12F-269472BF0E0F}.Debug|iPhoneSimulator.Build.0 = Debug|Any CPU
		{79454900-EE3C-4D1E-A12F-269472BF0E0F}.Debug|iPhoneSimulator.Deploy.0 = Debug|Any CPU
		{79454900-EE3C-4D1E-A12F-269472BF0E0F}.Release|Any CPU.ActiveCfg = Release|Any CPU
		{79454900-EE3C-4D1E-A12F-269472BF0E0F}.Release|Any CPU.Build.0 = Release|Any CPU
		{79454900-EE3C-4D1E-A12F-269472BF0E0F}.Release|Any CPU.Deploy.0 = Release|Any CPU
		{79454900-EE3C-4D1E-A12F-269472BF0E0F}.Release|iPhone.ActiveCfg = Release|Any CPU
		{79454900-EE3C-4D1E-A12F-269472BF0E0F}.Release|iPhone.Build.0 = Release|Any CPU
		{79454900-EE3C-4D1E-A12F-269472BF0E0F}.Release|iPhone.Deploy.0 = Release|Any CPU
		{79454900-EE3C-4D1E-A12F-269472BF0E0F}.Release|iPhoneSimulator.ActiveCfg = Release|Any CPU
		{79454900-EE3C-4D1E-A12F-269472BF0E0F}.Release|iPhoneSimulator.Build.0 = Release|Any CPU
		{79454900-EE3C-4D1E-A12F-269472BF0E0F}.Release|iPhoneSimulator.Deploy.0 = Release|Any CPU
	EndGlobalSection
	GlobalSection(SolutionProperties) = preSolution
		HideSolutionNode = FALSE
	EndGlobalSection
	GlobalSection(ExtensibilityGlobals) = postSolution
		SolutionGuid = {E4012E56-8114-4012-8878-AAEC18C24AA6}
	EndGlobalSection
EndGlobal
